
Microsoft Visual Studio Solution File, Format Version 12.00
# Visual Studio Version 17
VisualStudioVersion = 17.7.34003.232
MinimumVisualStudioVersion = 10.0.40219.1
Project("{FAE04EC0-301F-11D3-BF4B-00C04F79EFBC}") = "Task_Junior", "Task_Junior\Task_Junior.csproj", "{D1490AC6-E12E-4A4A-968D-A80B22475847}"
EndProject
Global
	GlobalSection(SolutionConfigurationPlatforms) = preSolution
		Debug|Any CPU = Debug|Any CPU
		Release|Any CPU = Release|Any CPU
	EndGlobalSection
	GlobalSection(ProjectConfigurationPlatforms) = postSolution
		{D1490AC6-E12E-4A4A-968D-A80B22475847}.Debug|Any CPU.ActiveCfg = Debug|Any CPU
		{D1490AC6-E12E-4A4A-968D-A80B22475847}.Debug|Any CPU.Build.0 = Debug|Any CPU
		{D1490AC6-E12E-4A4A-968D-A80B22475847}.Release|Any CPU.ActiveCfg = Release|Any CPU
		{D1490AC6-E12E-4A4A-968D-A80B22475847}.Release|Any CPU.Build.0 = Release|Any CPU
	EndGlobalSection
	GlobalSection(SolutionProperties) = preSolution
		HideSolutionNode = FALSE
	EndGlobalSection
	GlobalSection(ExtensibilityGlobals) = postSolution
		SolutionGuid = {CC56EEB8-524C-462F-AD01-8A4DAAD0F089}
	EndGlobalSection
EndGlobal
